// !$*UTF8*$!
{
	archiveVersion = 1;
	classes = {
	};
	objectVersion = 56;
	objects = {

/* Begin PBXBuildFile section */
		27D85D1B2C59A99600A363E5 /* AppDelegate.swift in Sources */ = {isa = PBXBuildFile; fileRef = 27D85D1A2C59A99600A363E5 /* AppDelegate.swift */; };
		27D85D1D2C59A99600A363E5 /* SceneDelegate.swift in Sources */ = {isa = PBXBuildFile; fileRef = 27D85D1C2C59A99600A363E5 /* SceneDelegate.swift */; };
		27D85D242C59A99600A363E5 /* Assets.xcassets in Resources */ = {isa = PBXBuildFile; fileRef = 27D85D232C59A99600A363E5 /* Assets.xcassets */; };
		27D85D272C59A99600A363E5 /* Base in Resources */ = {isa = PBXBuildFile; fileRef = 27D85D262C59A99600A363E5 /* Base */; };
		27D85D2F2C59AB6400A363E5 /* .gitignore in Resources */ = {isa = PBXBuildFile; fileRef = 27D85D2E2C59AB6400A363E5 /* .gitignore */; };
		27D85D322C59AC1D00A363E5 /* RxCocoa in Frameworks */ = {isa = PBXBuildFile; productRef = 27D85D312C59AC1D00A363E5 /* RxCocoa */; };
		27D85D342C59AC1D00A363E5 /* RxSwift in Frameworks */ = {isa = PBXBuildFile; productRef = 27D85D332C59AC1D00A363E5 /* RxSwift */; };
		27D85D362C59AC3E00A363E5 /* PickerViewController.swift in Sources */ = {isa = PBXBuildFile; fileRef = 27D85D352C59AC3E00A363E5 /* PickerViewController.swift */; };
		27D85D392C59AD7500A363E5 /* SnapKit in Frameworks */ = {isa = PBXBuildFile; productRef = 27D85D382C59AD7500A363E5 /* SnapKit */; };
		27D85D3B2C59B18200A363E5 /* TableViewController.swift in Sources */ = {isa = PBXBuildFile; fileRef = 27D85D3A2C59B18200A363E5 /* TableViewController.swift */; };
		27D85D3D2C59B6E800A363E5 /* UISampleViewController.swift in Sources */ = {isa = PBXBuildFile; fileRef = 27D85D3C2C59B6E800A363E5 /* UISampleViewController.swift */; };
		27D85D3F2C59C20B00A363E5 /* ObservableViewController.swift in Sources */ = {isa = PBXBuildFile; fileRef = 27D85D3E2C59C20B00A363E5 /* ObservableViewController.swift */; };
/* End PBXBuildFile section */

/* Begin PBXFileReference section */
		27D85D172C59A99600A363E5 /* RxSwift-Practice.app */ = {isa = PBXFileReference; explicitFileType = wrapper.application; includeInIndex = 0; path = "RxSwift-Practice.app"; sourceTree = BUILT_PRODUCTS_DIR; };
		27D85D1A2C59A99600A363E5 /* AppDelegate.swift */ = {isa = PBXFileReference; lastKnownFileType = sourcecode.swift; path = AppDelegate.swift; sourceTree = "<group>"; };
		27D85D1C2C59A99600A363E5 /* SceneDelegate.swift */ = {isa = PBXFileReference; lastKnownFileType = sourcecode.swift; path = SceneDelegate.swift; sourceTree = "<group>"; };
		27D85D232C59A99600A363E5 /* Assets.xcassets */ = {isa = PBXFileReference; lastKnownFileType = folder.assetcatalog; path = Assets.xcassets; sourceTree = "<group>"; };
		27D85D262C59A99600A363E5 /* Base */ = {isa = PBXFileReference; lastKnownFileType = file.storyboard; name = Base; path = Base.lproj/LaunchScreen.storyboard; sourceTree = "<group>"; };
		27D85D282C59A99600A363E5 /* Info.plist */ = {isa = PBXFileReference; lastKnownFileType = text.plist.xml; path = Info.plist; sourceTree = "<group>"; };
		27D85D2E2C59AB6400A363E5 /* .gitignore */ = {isa = PBXFileReference; lastKnownFileType = text; path = .gitignore; sourceTree = "<group>"; };
		27D85D352C59AC3E00A363E5 /* PickerViewController.swift */ = {isa = PBXFileReference; lastKnownFileType = sourcecode.swift; path = PickerViewController.swift; sourceTree = "<group>"; };
		27D85D3A2C59B18200A363E5 /* TableViewController.swift */ = {isa = PBXFileReference; lastKnownFileType = sourcecode.swift; path = TableViewController.swift; sourceTree = "<group>"; };
		27D85D3C2C59B6E800A363E5 /* UISampleViewController.swift */ = {isa = PBXFileReference; lastKnownFileType = sourcecode.swift; path = UISampleViewController.swift; sourceTree = "<group>"; };
		27D85D3E2C59C20B00A363E5 /* ObservableViewController.swift */ = {isa = PBXFileReference; lastKnownFileType = sourcecode.swift; path = ObservableViewController.swift; sourceTree = "<group>"; };
/* End PBXFileReference section */

/* Begin PBXFrameworksBuildPhase section */
		27D85D142C59A99600A363E5 /* Frameworks */ = {
			isa = PBXFrameworksBuildPhase;
			buildActionMask = 2147483647;
			files = (
				27D85D392C59AD7500A363E5 /* SnapKit in Frameworks */,
				27D85D342C59AC1D00A363E5 /* RxSwift in Frameworks */,
				27D85D322C59AC1D00A363E5 /* RxCocoa in Frameworks */,
			);
			runOnlyForDeploymentPostprocessing = 0;
		};
/* End PBXFrameworksBuildPhase section */

/* Begin PBXGroup section */
		27D85D0E2C59A99600A363E5 = {
			isa = PBXGroup;
			children = (
				27D85D2E2C59AB6400A363E5 /* .gitignore */,
				27D85D192C59A99600A363E5 /* RxSwift-Practice */,
				27D85D182C59A99600A363E5 /* Products */,
			);
			sourceTree = "<group>";
		};
		27D85D182C59A99600A363E5 /* Products */ = {
			isa = PBXGroup;
			children = (
				27D85D172C59A99600A363E5 /* RxSwift-Practice.app */,
			);
			name = Products;
			sourceTree = "<group>";
		};
		27D85D192C59A99600A363E5 /* RxSwift-Practice */ = {
			isa = PBXGroup;
			children = (
				27D85D1A2C59A99600A363E5 /* AppDelegate.swift */,
				27D85D1C2C59A99600A363E5 /* SceneDelegate.swift */,
				27D85D232C59A99600A363E5 /* Assets.xcassets */,
				27D85D252C59A99600A363E5 /* LaunchScreen.storyboard */,
				27D85D282C59A99600A363E5 /* Info.plist */,
				27D85D352C59AC3E00A363E5 /* PickerViewController.swift */,
				27D85D3A2C59B18200A363E5 /* TableViewController.swift */,
				27D85D3C2C59B6E800A363E5 /* UISampleViewController.swift */,
				27D85D3E2C59C20B00A363E5 /* ObservableViewController.swift */,
			);
			path = "RxSwift-Practice";
			sourceTree = "<group>";
		};
/* End PBXGroup section */

/* Begin PBXNativeTarget section */
		27D85D162C59A99600A363E5 /* RxSwift-Practice */ = {
			isa = PBXNativeTarget;
			buildConfigurationList = 27D85D2B2C59A99600A363E5 /* Build configuration list for PBXNativeTarget "RxSwift-Practice" */;
			buildPhases = (
				27D85D132C59A99600A363E5 /* Sources */,
				27D85D142C59A99600A363E5 /* Frameworks */,
				27D85D152C59A99600A363E5 /* Resources */,
			);
			buildRules = (
			);
			dependencies = (
			);
			name = "RxSwift-Practice";
			packageProductDependencies = (
				27D85D312C59AC1D00A363E5 /* RxCocoa */,
				27D85D332C59AC1D00A363E5 /* RxSwift */,
				27D85D382C59AD7500A363E5 /* SnapKit */,
			);
			productName = "RxSwift-Practice";
			productReference = 27D85D172C59A99600A363E5 /* RxSwift-Practice.app */;
			productType = "com.apple.product-type.application";
		};
/* End PBXNativeTarget section */

/* Begin PBXProject section */
		27D85D0F2C59A99600A363E5 /* Project object */ = {
			isa = PBXProject;
			attributes = {
				BuildIndependentTargetsInParallel = 1;
				LastSwiftUpdateCheck = 1540;
				LastUpgradeCheck = 1540;
				TargetAttributes = {
					27D85D162C59A99600A363E5 = {
						CreatedOnToolsVersion = 15.4;
					};
				};
			};
			buildConfigurationList = 27D85D122C59A99600A363E5 /* Build configuration list for PBXProject "RxSwift-Practice" */;
			compatibilityVersion = "Xcode 14.0";
			developmentRegion = en;
			hasScannedForEncodings = 0;
			knownRegions = (
				en,
				Base,
			);
			mainGroup = 27D85D0E2C59A99600A363E5;
			packageReferences = (
				27D85D302C59AC1D00A363E5 /* XCRemoteSwiftPackageReference "RxSwift" */,
				27D85D372C59AD7500A363E5 /* XCRemoteSwiftPackageReference "SnapKit" */,
			);
			productRefGroup = 27D85D182C59A99600A363E5 /* Products */;
			projectDirPath = "";
			projectRoot = "";
			targets = (
				27D85D162C59A99600A363E5 /* RxSwift-Practice */,
			);
		};
/* End PBXProject section */

/* Begin PBXResourcesBuildPhase section */
		27D85D152C59A99600A363E5 /* Resources */ = {
			isa = PBXResourcesBuildPhase;
			buildActionMask = 2147483647;
			files = (
				27D85D2F2C59AB6400A363E5 /* .gitignore in Resources */,
				27D85D242C59A99600A363E5 /* Assets.xcassets in Resources */,
				27D85D272C59A99600A363E5 /* Base in Resources */,
			);
			runOnlyForDeploymentPostprocessing = 0;
		};
/* End PBXResourcesBuildPhase section */

/* Begin PBXSourcesBuildPhase section */
		27D85D132C59A99600A363E5 /* Sources */ = {
			isa = PBXSourcesBuildPhase;
			buildActionMask = 2147483647;
			files = (
				27D85D1B2C59A99600A363E5 /* AppDelegate.swift in Sources */,
				27D85D3F2C59C20B00A363E5 /* ObservableViewController.swift in Sources */,
				27D85D362C59AC3E00A363E5 /* PickerViewController.swift in Sources */,
				27D85D1D2C59A99600A363E5 /* SceneDelegate.swift in Sources */,
				27D85D3B2C59B18200A363E5 /* TableViewController.swift in Sources */,
				27D85D3D2C59B6E800A363E5 /* UISampleViewController.swift in Sources */,
			);
			runOnlyForDeploymentPostprocessing = 0;
		};
/* End PBXSourcesBuildPhase section */

/* Begin PBXVariantGroup section */
		27D85D252C59A99600A363E5 /* LaunchScreen.storyboard */ = {
			isa = PBXVariantGroup;
			children = (
				27D85D262C59A99600A363E5 /* Base */,
			);
			name = LaunchScreen.storyboard;
			sourceTree = "<group>";
		};
/* End PBXVariantGroup section */

/* Begin XCBuildConfiguration section */
		27D85D292C59A99600A363E5 /* Debug */ = {
			isa = XCBuildConfiguration;
			buildSettings = {
				ALWAYS_SEARCH_USER_PATHS = NO;
				ASSETCATALOG_COMPILER_GENERATE_SWIFT_ASSET_SYMBOL_EXTENSIONS = YES;
				CLANG_ANALYZER_NONNULL = YES;
				CLANG_ANALYZER_NUMBER_OBJECT_CONVERSION = YES_AGGRESSIVE;
				CLANG_CXX_LANGUAGE_STANDARD = "gnu++20";
				CLANG_ENABLE_MODULES = YES;
				CLANG_ENABLE_OBJC_ARC = YES;
				CLANG_ENABLE_OBJC_WEAK = YES;
				CLANG_WARN_BLOCK_CAPTURE_AUTORELEASING = YES;
				CLANG_WARN_BOOL_CONVERSION = YES;
				CLANG_WARN_COMMA = YES;
				CLANG_WARN_CONSTANT_CONVERSION = YES;
				CLANG_WARN_DEPRECATED_OBJC_IMPLEMENTATIONS = YES;
				CLANG_WARN_DIRECT_OBJC_ISA_USAGE = YES_ERROR;
				CLANG_WARN_DOCUMENTATION_COMMENTS = YES;
				CLANG_WARN_EMPTY_BODY = YES;
				CLANG_WARN_ENUM_CONVERSION = YES;
				CLANG_WARN_INFINITE_RECURSION = YES;
				CLANG_WARN_INT_CONVERSION = YES;
				CLANG_WARN_NON_LITERAL_NULL_CONVERSION = YES;
				CLANG_WARN_OBJC_IMPLICIT_RETAIN_SELF = YES;
				CLANG_WARN_OBJC_LITERAL_CONVERSION = YES;
				CLANG_WARN_OBJC_ROOT_CLASS = YES_ERROR;
				CLANG_WARN_QUOTED_INCLUDE_IN_FRAMEWORK_HEADER = YES;
				CLANG_WARN_RANGE_LOOP_ANALYSIS = YES;
				CLANG_WARN_STRICT_PROTOTYPES = YES;
				CLANG_WARN_SUSPICIOUS_MOVE = YES;
				CLANG_WARN_UNGUARDED_AVAILABILITY = YES_AGGRESSIVE;
				CLANG_WARN_UNREACHABLE_CODE = YES;
				CLANG_WARN__DUPLICATE_METHOD_MATCH = YES;
				COPY_PHASE_STRIP = NO;
				DEBUG_INFORMATION_FORMAT = dwarf;
				ENABLE_STRICT_OBJC_MSGSEND = YES;
				ENABLE_TESTABILITY = YES;
				ENABLE_USER_SCRIPT_SANDBOXING = YES;
				GCC_C_LANGUAGE_STANDARD = gnu17;
				GCC_DYNAMIC_NO_PIC = NO;
				GCC_NO_COMMON_BLOCKS = YES;
				GCC_OPTIMIZATION_LEVEL = 0;
				GCC_PREPROCESSOR_DEFINITIONS = (
					"DEBUG=1",
					"$(inherited)",
				);
				GCC_WARN_64_TO_32_BIT_CONVERSION = YES;
				GCC_WARN_ABOUT_RETURN_TYPE = YES_ERROR;
				GCC_WARN_UNDECLARED_SELECTOR = YES;
				GCC_WARN_UNINITIALIZED_AUTOS = YES_AGGRESSIVE;
				GCC_WARN_UNUSED_FUNCTION = YES;
				GCC_WARN_UNUSED_VARIABLE = YES;
				IPHONEOS_DEPLOYMENT_TARGET = 17.5;
				LOCALIZATION_PREFERS_STRING_CATALOGS = YES;
				MTL_ENABLE_DEBUG_INFO = INCLUDE_SOURCE;
				MTL_FAST_MATH = YES;
				ONLY_ACTIVE_ARCH = YES;
				SDKROOT = iphoneos;
				SWIFT_ACTIVE_COMPILATION_CONDITIONS = "DEBUG $(inherited)";
				SWIFT_OPTIMIZATION_LEVEL = "-Onone";
			};
			name = Debug;
		};
		27D85D2A2C59A99600A363E5 /* Release */ = {
			isa = XCBuildConfiguration;
			buildSettings = {
				ALWAYS_SEARCH_USER_PATHS = NO;
				ASSETCATALOG_COMPILER_GENERATE_SWIFT_ASSET_SYMBOL_EXTENSIONS = YES;
				CLANG_ANALYZER_NONNULL = YES;
				CLANG_ANALYZER_NUMBER_OBJECT_CONVERSION = YES_AGGRESSIVE;
				CLANG_CXX_LANGUAGE_STANDARD = "gnu++20";
				CLANG_ENABLE_MODULES = YES;
				CLANG_ENABLE_OBJC_ARC = YES;
				CLANG_ENABLE_OBJC_WEAK = YES;
				CLANG_WARN_BLOCK_CAPTURE_AUTORELEASING = YES;
				CLANG_WARN_BOOL_CONVERSION = YES;
				CLANG_WARN_COMMA = YES;
				CLANG_WARN_CONSTANT_CONVERSION = YES;
				CLANG_WARN_DEPRECATED_OBJC_IMPLEMENTATIONS = YES;
				CLANG_WARN_DIRECT_OBJC_ISA_USAGE = YES_ERROR;
				CLANG_WARN_DOCUMENTATION_COMMENTS = YES;
				CLANG_WARN_EMPTY_BODY = YES;
				CLANG_WARN_ENUM_CONVERSION = YES;
				CLANG_WARN_INFINITE_RECURSION = YES;
				CLANG_WARN_INT_CONVERSION = YES;
				CLANG_WARN_NON_LITERAL_NULL_CONVERSION = YES;
				CLANG_WARN_OBJC_IMPLICIT_RETAIN_SELF = YES;
				CLANG_WARN_OBJC_LITERAL_CONVERSION = YES;
				CLANG_WARN_OBJC_ROOT_CLASS = YES_ERROR;
				CLANG_WARN_QUOTED_INCLUDE_IN_FRAMEWORK_HEADER = YES;
				CLANG_WARN_RANGE_LOOP_ANALYSIS = YES;
				CLANG_WARN_STRICT_PROTOTYPES = YES;
				CLANG_WARN_SUSPICIOUS_MOVE = YES;
				CLANG_WARN_UNGUARDED_AVAILABILITY = YES_AGGRESSIVE;
				CLANG_WARN_UNREACHABLE_CODE = YES;
				CLANG_WARN__DUPLICATE_METHOD_MATCH = YES;
				COPY_PHASE_STRIP = NO;
				DEBUG_INFORMATION_FORMAT = "dwarf-with-dsym";
				ENABLE_NS_ASSERTIONS = NO;
				ENABLE_STRICT_OBJC_MSGSEND = YES;
				ENABLE_USER_SCRIPT_SANDBOXING = YES;
				GCC_C_LANGUAGE_STANDARD = gnu17;
				GCC_NO_COMMON_BLOCKS = YES;
				GCC_WARN_64_TO_32_BIT_CONVERSION = YES;
				GCC_WARN_ABOUT_RETURN_TYPE = YES_ERROR;
				GCC_WARN_UNDECLARED_SELECTOR = YES;
				GCC_WARN_UNINITIALIZED_AUTOS = YES_AGGRESSIVE;
				GCC_WARN_UNUSED_FUNCTION = YES;
				GCC_WARN_UNUSED_VARIABLE = YES;
				IPHONEOS_DEPLOYMENT_TARGET = 17.5;
				LOCALIZATION_PREFERS_STRING_CATALOGS = YES;
				MTL_ENABLE_DEBUG_INFO = NO;
				MTL_FAST_MATH = YES;
				SDKROOT = iphoneos;
				SWIFT_COMPILATION_MODE = wholemodule;
				VALIDATE_PRODUCT = YES;
			};
			name = Release;
		};
		27D85D2C2C59A99600A363E5 /* Debug */ = {
			isa = XCBuildConfiguration;
			buildSettings = {
				ASSETCATALOG_COMPILER_APPICON_NAME = AppIcon;
				ASSETCATALOG_COMPILER_GLOBAL_ACCENT_COLOR_NAME = AccentColor;
				CODE_SIGN_STYLE = Automatic;
				CURRENT_PROJECT_VERSION = 1;
				DEVELOPMENT_TEAM = YAZ6T34227;
				GENERATE_INFOPLIST_FILE = YES;
				INFOPLIST_FILE = "RxSwift-Practice/Info.plist";
				INFOPLIST_KEY_UIApplicationSupportsIndirectInputEvents = YES;
				INFOPLIST_KEY_UILaunchStoryboardName = LaunchScreen;
				INFOPLIST_KEY_UISupportedInterfaceOrientations = UIInterfaceOrientationPortrait;
				INFOPLIST_KEY_UISupportedInterfaceOrientations_iPad = "UIInterfaceOrientationLandscapeLeft UIInterfaceOrientationLandscapeRight UIInterfaceOrientationPortrait UIInterfaceOrientationPortraitUpsideDown";
				LD_RUNPATH_SEARCH_PATHS = (
					"$(inherited)",
					"@executable_path/Frameworks",
				);
				MARKETING_VERSION = 1.0;
				PRODUCT_BUNDLE_IDENTIFIER = "hwanghye.RxSwift-Practice";
				PRODUCT_NAME = "$(TARGET_NAME)";
				SUPPORTED_PLATFORMS = "iphoneos iphonesimulator";
				SUPPORTS_MACCATALYST = NO;
				SUPPORTS_MAC_DESIGNED_FOR_IPHONE_IPAD = NO;
				SUPPORTS_XR_DESIGNED_FOR_IPHONE_IPAD = NO;
				SWIFT_EMIT_LOC_STRINGS = YES;
				SWIFT_VERSION = 5.0;
				TARGETED_DEVICE_FAMILY = 1;
			};
			name = Debug;
		};
		27D85D2D2C59A99600A363E5 /* Release */ = {
			isa = XCBuildConfiguration;
			buildSettings = {
				ASSETCATALOG_COMPILER_APPICON_NAME = AppIcon;
				ASSETCATALOG_COMPILER_GLOBAL_ACCENT_COLOR_NAME = AccentColor;
				CODE_SIGN_STYLE = Automatic;
				CURRENT_PROJECT_VERSION = 1;
				DEVELOPMENT_TEAM = YAZ6T34227;
				GENERATE_INFOPLIST_FILE = YES;
				INFOPLIST_FILE = "RxSwift-Practice/Info.plist";
				INFOPLIST_KEY_UIApplicationSupportsIndirectInputEvents = YES;
				INFOPLIST_KEY_UILaunchStoryboardName = LaunchScreen;
				INFOPLIST_KEY_UISupportedInterfaceOrientations = UIInterfaceOrientationPortrait;
				INFOPLIST_KEY_UISupportedInterfaceOrientations_iPad = "UIInterfaceOrientationLandscapeLeft UIInterfaceOrientationLandscapeRight UIInterfaceOrientationPortrait UIInterfaceOrientationPortraitUpsideDown";
				LD_RUNPATH_SEARCH_PATHS = (
					"$(inherited)",
					"@executable_path/Frameworks",
				);
				MARKETING_VERSION = 1.0;
				PRODUCT_BUNDLE_IDENTIFIER = "hwanghye.RxSwift-Practice";
				PRODUCT_NAME = "$(TARGET_NAME)";
				SUPPORTED_PLATFORMS = "iphoneos iphonesimulator";
				SUPPORTS_MACCATALYST = NO;
				SUPPORTS_MAC_DESIGNED_FOR_IPHONE_IPAD = NO;
				SUPPORTS_XR_DESIGNED_FOR_IPHONE_IPAD = NO;
				SWIFT_EMIT_LOC_STRINGS = YES;
				SWIFT_VERSION = 5.0;
				TARGETED_DEVICE_FAMILY = 1;
			};
			name = Release;
		};
/* End XCBuildConfiguration section */

/* Begin XCConfigurationList section */
		27D85D122C59A99600A363E5 /* Build configuration list for PBXProject "RxSwift-Practice" */ = {
			isa = XCConfigurationList;
			buildConfigurations = (
				27D85D292C59A99600A363E5 /* Debug */,
				27D85D2A2C59A99600A363E5 /* Release */,
			);
			defaultConfigurationIsVisible = 0;
			defaultConfigurationName = Release;
		};
		27D85D2B2C59A99600A363E5 /* Build configuration list for PBXNativeTarget "RxSwift-Practice" */ = {
			isa = XCConfigurationList;
			buildConfigurations = (
				27D85D2C2C59A99600A363E5 /* Debug */,
				27D85D2D2C59A99600A363E5 /* Release */,
			);
			defaultConfigurationIsVisible = 0;
			defaultConfigurationName = Release;
		};
/* End XCConfigurationList section */

/* Begin XCRemoteSwiftPackageReference section */
		27D85D302C59AC1D00A363E5 /* XCRemoteSwiftPackageReference "RxSwift" */ = {
			isa = XCRemoteSwiftPackageReference;
			repositoryURL = "https://github.com/ReactiveX/RxSwift.git";
			requirement = {
				kind = upToNextMajorVersion;
				minimumVersion = 6.7.1;
			};
		};
		27D85D372C59AD7500A363E5 /* XCRemoteSwiftPackageReference "SnapKit" */ = {
			isa = XCRemoteSwiftPackageReference;
			repositoryURL = "https://github.com/SnapKit/SnapKit.git";
			requirement = {
				kind = upToNextMajorVersion;
				minimumVersion = 5.7.1;
			};
		};
/* End XCRemoteSwiftPackageReference section */

/* Begin XCSwiftPackageProductDependency section */
		27D85D312C59AC1D00A363E5 /* RxCocoa */ = {
			isa = XCSwiftPackageProductDependency;
			package = 27D85D302C59AC1D00A363E5 /* XCRemoteSwiftPackageReference "RxSwift" */;
			productName = RxCocoa;
		};
		27D85D332C59AC1D00A363E5 /* RxSwift */ = {
			isa = XCSwiftPackageProductDependency;
			package = 27D85D302C59AC1D00A363E5 /* XCRemoteSwiftPackageReference "RxSwift" */;
			productName = RxSwift;
		};
		27D85D382C59AD7500A363E5 /* SnapKit */ = {
			isa = XCSwiftPackageProductDependency;
			package = 27D85D372C59AD7500A363E5 /* XCRemoteSwiftPackageReference "SnapKit" */;
			productName = SnapKit;
		};
/* End XCSwiftPackageProductDependency section */
	};
	rootObject = 27D85D0F2C59A99600A363E5 /* Project object */;
}
